// !$*UTF8*$!
{
	archiveVersion = 1;
	classes = {
	};
	objectVersion = 56;
	objects = {

/* Begin PBXBuildFile section */
		6EC1276E2908E5BA0075ED5F /* redditIosCodeChallengeApp.swift in Sources */ = {isa = PBXBuildFile; fileRef = 6EC1276D2908E5BA0075ED5F /* redditIosCodeChallengeApp.swift */; };
		6EC127702908E5BA0075ED5F /* ContentView.swift in Sources */ = {isa = PBXBuildFile; fileRef = 6EC1276F2908E5BA0075ED5F /* ContentView.swift */; };
		6EC127722908E5BB0075ED5F /* Assets.xcassets in Resources */ = {isa = PBXBuildFile; fileRef = 6EC127712908E5BB0075ED5F /* Assets.xcassets */; };
		6EC127752908E5BB0075ED5F /* Preview Assets.xcassets in Resources */ = {isa = PBXBuildFile; fileRef = 6EC127742908E5BB0075ED5F /* Preview Assets.xcassets */; };
		6EC12781290944660075ED5F /* RedditData.swift in Sources */ = {isa = PBXBuildFile; fileRef = 6EC12780290944660075ED5F /* RedditData.swift */; };
		6EC12783290945A90075ED5F /* RedditDataViewModel.swift in Sources */ = {isa = PBXBuildFile; fileRef = 6EC12782290945A90075ED5F /* RedditDataViewModel.swift */; };
		6EC127852909C9E20075ED5F /* PostView.swift in Sources */ = {isa = PBXBuildFile; fileRef = 6EC127842909C9E20075ED5F /* PostView.swift */; };
/* End PBXBuildFile section */

/* Begin PBXFileReference section */
		6EC1276A2908E5BA0075ED5F /* redditIosCodeChallenge.app */ = {isa = PBXFileReference; explicitFileType = wrapper.application; includeInIndex = 0; path = redditIosCodeChallenge.app; sourceTree = BUILT_PRODUCTS_DIR; };
		6EC1276D2908E5BA0075ED5F /* redditIosCodeChallengeApp.swift */ = {isa = PBXFileReference; lastKnownFileType = sourcecode.swift; path = redditIosCodeChallengeApp.swift; sourceTree = "<group>"; };
		6EC1276F2908E5BA0075ED5F /* ContentView.swift */ = {isa = PBXFileReference; lastKnownFileType = sourcecode.swift; path = ContentView.swift; sourceTree = "<group>"; };
		6EC127712908E5BB0075ED5F /* Assets.xcassets */ = {isa = PBXFileReference; lastKnownFileType = folder.assetcatalog; path = Assets.xcassets; sourceTree = "<group>"; };
		6EC127742908E5BB0075ED5F /* Preview Assets.xcassets */ = {isa = PBXFileReference; lastKnownFileType = folder.assetcatalog; path = "Preview Assets.xcassets"; sourceTree = "<group>"; };
		6EC127762908E5BB0075ED5F /* redditIosCodeChallenge.entitlements */ = {isa = PBXFileReference; lastKnownFileType = text.plist.entitlements; path = redditIosCodeChallenge.entitlements; sourceTree = "<group>"; };
		6EC12780290944660075ED5F /* RedditData.swift */ = {isa = PBXFileReference; lastKnownFileType = sourcecode.swift; path = RedditData.swift; sourceTree = "<group>"; };
		6EC12782290945A90075ED5F /* RedditDataViewModel.swift */ = {isa = PBXFileReference; lastKnownFileType = sourcecode.swift; path = RedditDataViewModel.swift; sourceTree = "<group>"; };
		6EC127842909C9E20075ED5F /* PostView.swift */ = {isa = PBXFileReference; lastKnownFileType = sourcecode.swift; path = PostView.swift; sourceTree = "<group>"; };
/* End PBXFileReference section */

/* Begin PBXFrameworksBuildPhase section */
		6EC127672908E5BA0075ED5F /* Frameworks */ = {
			isa = PBXFrameworksBuildPhase;
			buildActionMask = 2147483647;
			files = (
			);
			runOnlyForDeploymentPostprocessing = 0;
		};
/* End PBXFrameworksBuildPhase section */

/* Begin PBXGroup section */
		6EC127612908E5BA0075ED5F = {
			isa = PBXGroup;
			children = (
				6EC1276C2908E5BA0075ED5F /* redditIosCodeChallenge */,
				6EC1276B2908E5BA0075ED5F /* Products */,
			);
			sourceTree = "<group>";
		};
		6EC1276B2908E5BA0075ED5F /* Products */ = {
			isa = PBXGroup;
			children = (
				6EC1276A2908E5BA0075ED5F /* redditIosCodeChallenge.app */,
			);
			name = Products;
			sourceTree = "<group>";
		};
		6EC1276C2908E5BA0075ED5F /* redditIosCodeChallenge */ = {
			isa = PBXGroup;
			children = (
				6EC1277F290940820075ED5F /* Model */,
				6EC1277E290940730075ED5F /* App */,
				6EC1277D2909406F0075ED5F /* View */,
				6EC1277C290940520075ED5F /* ViewModel */,
				6EC127732908E5BB0075ED5F /* Preview Content */,
			);
			path = redditIosCodeChallenge;
			sourceTree = "<group>";
		};
		6EC127732908E5BB0075ED5F /* Preview Content */ = {
			isa = PBXGroup;
			children = (
				6EC127742908E5BB0075ED5F /* Preview Assets.xcassets */,
			);
			path = "Preview Content";
			sourceTree = "<group>";
		};
		6EC1277C290940520075ED5F /* ViewModel */ = {
			isa = PBXGroup;
			children = (
				6EC12782290945A90075ED5F /* RedditDataViewModel.swift */,
			);
			name = ViewModel;
			sourceTree = "<group>";
		};
		6EC1277D2909406F0075ED5F /* View */ = {
			isa = PBXGroup;
			children = (
				6EC1276F2908E5BA0075ED5F /* ContentView.swift */,
				6EC127842909C9E20075ED5F /* PostView.swift */,
			);
			name = View;
			sourceTree = "<group>";
		};
		6EC1277E290940730075ED5F /* App */ = {
			isa = PBXGroup;
			children = (
				6EC1276D2908E5BA0075ED5F /* redditIosCodeChallengeApp.swift */,
				6EC127712908E5BB0075ED5F /* Assets.xcassets */,
				6EC127762908E5BB0075ED5F /* redditIosCodeChallenge.entitlements */,
			);
			path = App;
			sourceTree = "<group>";
		};
		6EC1277F290940820075ED5F /* Model */ = {
			isa = PBXGroup;
			children = (
				6EC12780290944660075ED5F /* RedditData.swift */,
			);
			name = Model;
			sourceTree = "<group>";
		};
/* End PBXGroup section */

/* Begin PBXNativeTarget section */
		6EC127692908E5BA0075ED5F /* redditIosCodeChallenge */ = {
			isa = PBXNativeTarget;
			buildConfigurationList = 6EC127792908E5BB0075ED5F /* Build configuration list for PBXNativeTarget "redditIosCodeChallenge" */;
			buildPhases = (
				6EC127662908E5BA0075ED5F /* Sources */,
				6EC127672908E5BA0075ED5F /* Frameworks */,
				6EC127682908E5BA0075ED5F /* Resources */,
			);
			buildRules = (
			);
			dependencies = (
			);
			name = redditIosCodeChallenge;
			productName = redditIosCodeChallenge;
			productReference = 6EC1276A2908E5BA0075ED5F /* redditIosCodeChallenge.app */;
			productType = "com.apple.product-type.application";
		};
/* End PBXNativeTarget section */

/* Begin PBXProject section */
		6EC127622908E5BA0075ED5F /* Project object */ = {
			isa = PBXProject;
			attributes = {
				BuildIndependentTargetsInParallel = 1;
				LastSwiftUpdateCheck = 1400;
				LastUpgradeCheck = 1400;
				TargetAttributes = {
					6EC127692908E5BA0075ED5F = {
						CreatedOnToolsVersion = 14.0.1;
					};
				};
			};
			buildConfigurationList = 6EC127652908E5BA0075ED5F /* Build configuration list for PBXProject "redditIosCodeChallenge" */;
			compatibilityVersion = "Xcode 14.0";
			developmentRegion = en;
			hasScannedForEncodings = 0;
			knownRegions = (
				en,
				Base,
			);
			mainGroup = 6EC127612908E5BA0075ED5F;
			productRefGroup = 6EC1276B2908E5BA0075ED5F /* Products */;
			projectDirPath = "";
			projectRoot = "";
			targets = (
				6EC127692908E5BA0075ED5F /* redditIosCodeChallenge */,
			);
		};
/* End PBXProject section */

/* Begin PBXResourcesBuildPhase section */
		6EC127682908E5BA0075ED5F /* Resources */ = {
			isa = PBXResourcesBuildPhase;
			buildActionMask = 2147483647;
			files = (
				6EC127752908E5BB0075ED5F /* Preview Assets.xcassets in Resources */,
				6EC127722908E5BB0075ED5F /* Assets.xcassets in Resources */,
			);
			runOnlyForDeploymentPostprocessing = 0;
		};
/* End PBXResourcesBuildPhase section */

/* Begin PBXSourcesBuildPhase section */
		6EC127662908E5BA0075ED5F /* Sources */ = {
			isa = PBXSourcesBuildPhase;
			buildActionMask = 2147483647;
			files = (
				6EC12781290944660075ED5F /* RedditData.swift in Sources */,
				6EC127702908E5BA0075ED5F /* ContentView.swift in Sources */,
				6EC12783290945A90075ED5F /* RedditDataViewModel.swift in Sources */,
				6EC1276E2908E5BA0075ED5F /* redditIosCodeChallengeApp.swift in Sources */,
				6EC127852909C9E20075ED5F /* PostView.swift in Sources */,
			);
			runOnlyForDeploymentPostprocessing = 0;
		};
/* End PBXSourcesBuildPhase section */

/* Begin XCBuildConfiguration section */
		6EC127772908E5BB0075ED5F /* Debug */ = {
			isa = XCBuildConfiguration;
			buildSettings = {
				ALWAYS_SEARCH_USER_PATHS = NO;
				CLANG_ANALYZER_NONNULL = YES;
				CLANG_ANALYZER_NUMBER_OBJECT_CONVERSION = YES_AGGRESSIVE;
				CLANG_CXX_LANGUAGE_STANDARD = "gnu++20";
				CLANG_ENABLE_MODULES = YES;
				CLANG_ENABLE_OBJC_ARC = YES;
				CLANG_ENABLE_OBJC_WEAK = YES;
				CLANG_WARN_BLOCK_CAPTURE_AUTORELEASING = YES;
				CLANG_WARN_BOOL_CONVERSION = YES;
				CLANG_WARN_COMMA = YES;
				CLANG_WARN_CONSTANT_CONVERSION = YES;
				CLANG_WARN_DEPRECATED_OBJC_IMPLEMENTATIONS = YES;
				CLANG_WARN_DIRECT_OBJC_ISA_USAGE = YES_ERROR;
				CLANG_WARN_DOCUMENTATION_COMMENTS = YES;
				CLANG_WARN_EMPTY_BODY = YES;
				CLANG_WARN_ENUM_CONVERSION = YES;
				CLANG_WARN_INFINITE_RECURSION = YES;
				CLANG_WARN_INT_CONVERSION = YES;
				CLANG_WARN_NON_LITERAL_NULL_CONVERSION = YES;
				CLANG_WARN_OBJC_IMPLICIT_RETAIN_SELF = YES;
				CLANG_WARN_OBJC_LITERAL_CONVERSION = YES;
				CLANG_WARN_OBJC_ROOT_CLASS = YES_ERROR;
				CLANG_WARN_QUOTED_INCLUDE_IN_FRAMEWORK_HEADER = YES;
				CLANG_WARN_RANGE_LOOP_ANALYSIS = YES;
				CLANG_WARN_STRICT_PROTOTYPES = YES;
				CLANG_WARN_SUSPICIOUS_MOVE = YES;
				CLANG_WARN_UNGUARDED_AVAILABILITY = YES_AGGRESSIVE;
				CLANG_WARN_UNREACHABLE_CODE = YES;
				CLANG_WARN__DUPLICATE_METHOD_MATCH = YES;
				COPY_PHASE_STRIP = NO;
				DEBUG_INFORMATION_FORMAT = dwarf;
				ENABLE_STRICT_OBJC_MSGSEND = YES;
				ENABLE_TESTABILITY = YES;
				GCC_C_LANGUAGE_STANDARD = gnu11;
				GCC_DYNAMIC_NO_PIC = NO;
				GCC_NO_COMMON_BLOCKS = YES;
				GCC_OPTIMIZATION_LEVEL = 0;
				GCC_PREPROCESSOR_DEFINITIONS = (
					"DEBUG=1",
					"$(inherited)",
				);
				GCC_WARN_64_TO_32_BIT_CONVERSION = YES;
				GCC_WARN_ABOUT_RETURN_TYPE = YES_ERROR;
				GCC_WARN_UNDECLARED_SELECTOR = YES;
				GCC_WARN_UNINITIALIZED_AUTOS = YES_AGGRESSIVE;
				GCC_WARN_UNUSED_FUNCTION = YES;
				GCC_WARN_UNUSED_VARIABLE = YES;
				MACOSX_DEPLOYMENT_TARGET = 12.3;
				MTL_ENABLE_DEBUG_INFO = INCLUDE_SOURCE;
				MTL_FAST_MATH = YES;
				ONLY_ACTIVE_ARCH = YES;
				SDKROOT = macosx;
				SWIFT_ACTIVE_COMPILATION_CONDITIONS = DEBUG;
				SWIFT_OPTIMIZATION_LEVEL = "-Onone";
			};
			name = Debug;
		};
		6EC127782908E5BB0075ED5F /* Release */ = {
			isa = XCBuildConfiguration;
			buildSettings = {
				ALWAYS_SEARCH_USER_PATHS = NO;
				CLANG_ANALYZER_NONNULL = YES;
				CLANG_ANALYZER_NUMBER_OBJECT_CONVERSION = YES_AGGRESSIVE;
				CLANG_CXX_LANGUAGE_STANDARD = "gnu++20";
				CLANG_ENABLE_MODULES = YES;
				CLANG_ENABLE_OBJC_ARC = YES;
				CLANG_ENABLE_OBJC_WEAK = YES;
				CLANG_WARN_BLOCK_CAPTURE_AUTORELEASING = YES;
				CLANG_WARN_BOOL_CONVERSION = YES;
				CLANG_WARN_COMMA = YES;
				CLANG_WARN_CONSTANT_CONVERSION = YES;
				CLANG_WARN_DEPRECATED_OBJC_IMPLEMENTATIONS = YES;
				CLANG_WARN_DIRECT_OBJC_ISA_USAGE = YES_ERROR;
				CLANG_WARN_DOCUMENTATION_COMMENTS = YES;
				CLANG_WARN_EMPTY_BODY = YES;
				CLANG_WARN_ENUM_CONVERSION = YES;
				CLANG_WARN_INFINITE_RECURSION = YES;
				CLANG_WARN_INT_CONVERSION = YES;
				CLANG_WARN_NON_LITERAL_NULL_CONVERSION = YES;
				CLANG_WARN_OBJC_IMPLICIT_RETAIN_SELF = YES;
				CLANG_WARN_OBJC_LITERAL_CONVERSION = YES;
				CLANG_WARN_OBJC_ROOT_CLASS = YES_ERROR;
				CLANG_WARN_QUOTED_INCLUDE_IN_FRAMEWORK_HEADER = YES;
				CLANG_WARN_RANGE_LOOP_ANALYSIS = YES;
				CLANG_WARN_STRICT_PROTOTYPES = YES;
				CLANG_WARN_SUSPICIOUS_MOVE = YES;
				CLANG_WARN_UNGUARDED_AVAILABILITY = YES_AGGRESSIVE;
				CLANG_WARN_UNREACHABLE_CODE = YES;
				CLANG_WARN__DUPLICATE_METHOD_MATCH = YES;
				COPY_PHASE_STRIP = NO;
				DEBUG_INFORMATION_FORMAT = "dwarf-with-dsym";
				ENABLE_NS_ASSERTIONS = NO;
				ENABLE_STRICT_OBJC_MSGSEND = YES;
				GCC_C_LANGUAGE_STANDARD = gnu11;
				GCC_NO_COMMON_BLOCKS = YES;
				GCC_WARN_64_TO_32_BIT_CONVERSION = YES;
				GCC_WARN_ABOUT_RETURN_TYPE = YES_ERROR;
				GCC_WARN_UNDECLARED_SELECTOR = YES;
				GCC_WARN_UNINITIALIZED_AUTOS = YES_AGGRESSIVE;
				GCC_WARN_UNUSED_FUNCTION = YES;
				GCC_WARN_UNUSED_VARIABLE = YES;
				MACOSX_DEPLOYMENT_TARGET = 12.3;
				MTL_ENABLE_DEBUG_INFO = NO;
				MTL_FAST_MATH = YES;
				SDKROOT = macosx;
				SWIFT_COMPILATION_MODE = wholemodule;
				SWIFT_OPTIMIZATION_LEVEL = "-O";
			};
			name = Release;
		};
		6EC1277A2908E5BB0075ED5F /* Debug */ = {
			isa = XCBuildConfiguration;
			buildSettings = {
				ASSETCATALOG_COMPILER_APPICON_NAME = AppIcon;
				ASSETCATALOG_COMPILER_GLOBAL_ACCENT_COLOR_NAME = AccentColor;
				CODE_SIGN_ENTITLEMENTS = "";
				CODE_SIGN_STYLE = Automatic;
				COMBINE_HIDPI_IMAGES = YES;
				CURRENT_PROJECT_VERSION = 1;
				DEVELOPMENT_ASSET_PATHS = "\"redditIosCodeChallenge/Preview Content\"";
				ENABLE_PREVIEWS = YES;
				GENERATE_INFOPLIST_FILE = YES;
				INFOPLIST_KEY_NSHumanReadableCopyright = "";
				IPHONEOS_DEPLOYMENT_TARGET = 16.0;
				LD_RUNPATH_SEARCH_PATHS = (
					"$(inherited)",
					"@executable_path/../Frameworks",
				);
				MARKETING_VERSION = 1.0;
				PRODUCT_BUNDLE_IDENTIFIER = ios.challenge.reddit.redditIosCodeChallenge;
				PRODUCT_NAME = "$(TARGET_NAME)";
				SUPPORTED_PLATFORMS = "iphoneos iphonesimulator";
				SUPPORTS_MACCATALYST = NO;
				SUPPORTS_MAC_DESIGNED_FOR_IPHONE_IPAD = NO;
				SWIFT_EMIT_LOC_STRINGS = YES;
				SWIFT_VERSION = 5.0;
				TARGETED_DEVICE_FAMILY = 1;
			};
			name = Debug;
		};
		6EC1277B2908E5BB0075ED5F /* Release */ = {
			isa = XCBuildConfiguration;
			buildSettings = {
				ASSETCATALOG_COMPILER_APPICON_NAME = AppIcon;
				ASSETCATALOG_COMPILER_GLOBAL_ACCENT_COLOR_NAME = AccentColor;
				CODE_SIGN_ENTITLEMENTS = "";
				CODE_SIGN_STYLE = Automatic;
				COMBINE_HIDPI_IMAGES = YES;
				CURRENT_PROJECT_VERSION = 1;
				DEVELOPMENT_ASSET_PATHS = "\"redditIosCodeChallenge/Preview Content\"";
				ENABLE_PREVIEWS = YES;
				GENERATE_INFOPLIST_FILE = YES;
				INFOPLIST_KEY_NSHumanReadableCopyright = "";
				IPHONEOS_DEPLOYMENT_TARGET = 16.0;
				LD_RUNPATH_SEARCH_PATHS = (
					"$(inherited)",
					"@executable_path/../Frameworks",
				);
				MARKETING_VERSION = 1.0;
				PRODUCT_BUNDLE_IDENTIFIER = ios.challenge.reddit.redditIosCodeChallenge;
				PRODUCT_NAME = "$(TARGET_NAME)";
				SUPPORTED_PLATFORMS = "iphoneos iphonesimulator";
				SUPPORTS_MACCATALYST = NO;
				SUPPORTS_MAC_DESIGNED_FOR_IPHONE_IPAD = NO;
				SWIFT_EMIT_LOC_STRINGS = YES;
				SWIFT_VERSION = 5.0;
				TARGETED_DEVICE_FAMILY = 1;
			};
			name = Release;
		};
/* End XCBuildConfiguration section */

/* Begin XCConfigurationList section */
		6EC127652908E5BA0075ED5F /* Build configuration list for PBXProject "redditIosCodeChallenge" */ = {
			isa = XCConfigurationList;
			buildConfigurations = (
				6EC127772908E5BB0075ED5F /* Debug */,
				6EC127782908E5BB0075ED5F /* Release */,
			);
			defaultConfigurationIsVisible = 0;
			defaultConfigurationName = Release;
		};
		6EC127792908E5BB0075ED5F /* Build configuration list for PBXNativeTarget "redditIosCodeChallenge" */ = {
			isa = XCConfigurationList;
			buildConfigurations = (
				6EC1277A2908E5BB0075ED5F /* Debug */,
				6EC1277B2908E5BB0075ED5F /* Release */,
			);
			defaultConfigurationIsVisible = 0;
			defaultConfigurationName = Release;
		};
/* End XCConfigurationList section */
	};
	rootObject = 6EC127622908E5BA0075ED5F /* Project object */;
}
